
Microsoft Visual Studio Solution File, Format Version 12.00
# Visual Studio Version 16
VisualStudioVersion = 16.0.30320.27
MinimumVisualStudioVersion = 10.0.40219.1
Project("{FAE04EC0-301F-11D3-BF4B-00C04F79EFBC}") = "VagasAPP.UWP", "VagasAPP\VagasAPP.UWP\VagasAPP.UWP.csproj", "{B7A3A0B4-11B4-480F-A2E6-440EC0F5E0A9}"
EndProject
Project("{FAE04EC0-301F-11D3-BF4B-00C04F79EFBC}") = "VagasAPP.Android", "VagasAPP\VagasAPP.Android\VagasAPP.Android.csproj", "{853F9E91-6D90-4B20-AC1D-150C968EA490}"
EndProject
Project("{FAE04EC0-301F-11D3-BF4B-00C04F79EFBC}") = "VagasAPP.iOS", "VagasAPP\VagasAPP.iOS\VagasAPP.iOS.csproj", "{59E81ED6-BE98-4EFD-8C40-AE06BDB3E92C}"
EndProject
Project("{FAE04EC0-301F-11D3-BF4B-00C04F79EFBC}") = "VagasAPP", "VagasAPP\VagasAPP\VagasAPP.csproj", "{E5D6913D-043F-43BF-9AC1-EA5A161A6114}"
EndProject
Global
	GlobalSection(SolutionConfigurationPlatforms) = preSolution
		Debug|Any CPU = Debug|Any CPU
		Debug|ARM = Debug|ARM
		Debug|iPhone = Debug|iPhone
		Debug|iPhoneSimulator = Debug|iPhoneSimulator
		Debug|x64 = Debug|x64
		Debug|x86 = Debug|x86
		Release|Any CPU = Release|Any CPU
		Release|ARM = Release|ARM
		Release|iPhone = Release|iPhone
		Release|iPhoneSimulator = Release|iPhoneSimulator
		Release|x64 = Release|x64
		Release|x86 = Release|x86
	EndGlobalSection
	GlobalSection(ProjectConfigurationPlatforms) = postSolution
		{B7A3A0B4-11B4-480F-A2E6-440EC0F5E0A9}.Debug|Any CPU.ActiveCfg = Debug|x86
		{B7A3A0B4-11B4-480F-A2E6-440EC0F5E0A9}.Debug|Any CPU.Build.0 = Debug|x86
		{B7A3A0B4-11B4-480F-A2E6-440EC0F5E0A9}.Debug|Any CPU.Deploy.0 = Debug|x86
		{B7A3A0B4-11B4-480F-A2E6-440EC0F5E0A9}.Debug|ARM.ActiveCfg = Debug|ARM
		{B7A3A0B4-11B4-480F-A2E6-440EC0F5E0A9}.Debug|ARM.Build.0 = Debug|ARM
		{B7A3A0B4-11B4-480F-A2E6-440EC0F5E0A9}.Debug|ARM.Deploy.0 = Debug|ARM
		{B7A3A0B4-11B4-480F-A2E6-440EC0F5E0A9}.Debug|iPhone.ActiveCfg = Debug|x86
		{B7A3A0B4-11B4-480F-A2E6-440EC0F5E0A9}.Debug|iPhone.Build.0 = Debug|x86
		{B7A3A0B4-11B4-480F-A2E6-440EC0F5E0A9}.Debug|iPhone.Deploy.0 = Debug|x86
		{B7A3A0B4-11B4-480F-A2E6-440EC0F5E0A9}.Debug|iPhoneSimulator.ActiveCfg = Debug|x86
		{B7A3A0B4-11B4-480F-A2E6-440EC0F5E0A9}.Debug|iPhoneSimulator.Build.0 = Debug|x86
		{B7A3A0B4-11B4-480F-A2E6-440EC0F5E0A9}.Debug|iPhoneSimulator.Deploy.0 = Debug|x86
		{B7A3A0B4-11B4-480F-A2E6-440EC0F5E0A9}.Debug|x64.ActiveCfg = Debug|x64
		{B7A3A0B4-11B4-480F-A2E6-440EC0F5E0A9}.Debug|x64.Build.0 = Debug|x64
		{B7A3A0B4-11B4-480F-A2E6-440EC0F5E0A9}.Debug|x64.Deploy.0 = Debug|x64
		{B7A3A0B4-11B4-480F-A2E6-440EC0F5E0A9}.Debug|x86.ActiveCfg = Debug|x86
		{B7A3A0B4-11B4-480F-A2E6-440EC0F5E0A9}.Debug|x86.Build.0 = Debug|x86
		{B7A3A0B4-11B4-480F-A2E6-440EC0F5E0A9}.Debug|x86.Deploy.0 = Debug|x86
		{B7A3A0B4-11B4-480F-A2E6-440EC0F5E0A9}.Release|Any CPU.ActiveCfg = Release|x86
		{B7A3A0B4-11B4-480F-A2E6-440EC0F5E0A9}.Release|Any CPU.Build.0 = Release|x86
		{B7A3A0B4-11B4-480F-A2E6-440EC0F5E0A9}.Release|Any CPU.Deploy.0 = Release|x86
		{B7A3A0B4-11B4-480F-A2E6-440EC0F5E0A9}.Release|ARM.ActiveCfg = Release|ARM
		{B7A3A0B4-11B4-480F-A2E6-440EC0F5E0A9}.Release|ARM.Build.0 = Release|ARM
		{B7A3A0B4-11B4-480F-A2E6-440EC0F5E0A9}.Release|ARM.Deploy.0 = Release|ARM
		{B7A3A0B4-11B4-480F-A2E6-440EC0F5E0A9}.Release|iPhone.ActiveCfg = Release|x86
		{B7A3A0B4-11B4-480F-A2E6-440EC0F5E0A9}.Release|iPhone.Build.0 = Release|x86
		{B7A3A0B4-11B4-480F-A2E6-440EC0F5E0A9}.Release|iPhone.Deploy.0 = Release|x86
		{B7A3A0B4-11B4-480F-A2E6-440EC0F5E0A9}.Release|iPhoneSimulator.ActiveCfg = Release|x86
		{B7A3A0B4-11B4-480F-A2E6-440EC0F5E0A9}.Release|iPhoneSimulator.Build.0 = Release|x86
		{B7A3A0B4-11B4-480F-A2E6-440EC0F5E0A9}.Release|iPhoneSimulator.Deploy.0 = Release|x86
		{B7A3A0B4-11B4-480F-A2E6-440EC0F5E0A9}.Release|x64.ActiveCfg = Release|x64
		{B7A3A0B4-11B4-480F-A2E6-440EC0F5E0A9}.Release|x64.Build.0 = Release|x64
		{B7A3A0B4-11B4-480F-A2E6-440EC0F5E0A9}.Release|x64.Deploy.0 = Release|x64
		{B7A3A0B4-11B4-480F-A2E6-440EC0F5E0A9}.Release|x86.ActiveCfg = Release|x86
		{B7A3A0B4-11B4-480F-A2E6-440EC0F5E0A9}.Release|x86.Build.0 = Release|x86
		{B7A3A0B4-11B4-480F-A2E6-440EC0F5E0A9}.Release|x86.Deploy.0 = Release|x86
		{853F9E91-6D90-4B20-AC1D-150C968EA490}.Debug|Any CPU.ActiveCfg = Debug|Any CPU
		{853F9E91-6D90-4B20-AC1D-150C968EA490}.Debug|Any CPU.Build.0 = Debug|Any CPU
		{853F9E91-6D90-4B20-AC1D-150C968EA490}.Debug|Any CPU.Deploy.0 = Debug|Any CPU
		{853F9E91-6D90-4B20-AC1D-150C968EA490}.Debug|ARM.ActiveCfg = Debug|Any CPU
		{853F9E91-6D90-4B20-AC1D-150C968EA490}.Debug|ARM.Build.0 = Debug|Any CPU
		{853F9E91-6D90-4B20-AC1D-150C968EA490}.Debug|ARM.Deploy.0 = Debug|Any CPU
		{853F9E91-6D90-4B20-AC1D-150C968EA490}.Debug|iPhone.ActiveCfg = Debug|Any CPU
		{853F9E91-6D90-4B20-AC1D-150C968EA490}.Debug|iPhone.Build.0 = Debug|Any CPU
		{853F9E91-6D90-4B20-AC1D-150C968EA490}.Debug|iPhone.Deploy.0 = Debug|Any CPU
		{853F9E91-6D90-4B20-AC1D-150C968EA490}.Debug|iPhoneSimulator.ActiveCfg = Debug|Any CPU
		{853F9E91-6D90-4B20-AC1D-150C968EA490}.Debug|iPhoneSimulator.Build.0 = Debug|Any CPU
		{853F9E91-6D90-4B20-AC1D-150C968EA490}.Debug|iPhoneSimulator.Deploy.0 = Debug|Any CPU
		{853F9E91-6D90-4B20-AC1D-150C968EA490}.Debug|x64.ActiveCfg = Debug|Any CPU
		{853F9E91-6D90-4B20-AC1D-150C968EA490}.Debug|x64.Build.0 = Debug|Any CPU
		{853F9E91-6D90-4B20-AC1D-150C968EA490}.Debug|x64.Deploy.0 = Debug|Any CPU
		{853F9E91-6D90-4B20-AC1D-150C968EA490}.Debug|x86.ActiveCfg = Debug|Any CPU
		{853F9E91-6D90-4B20-AC1D-150C968EA490}.Debug|x86.Build.0 = Debug|Any CPU
		{853F9E91-6D90-4B20-AC1D-150C968EA490}.Debug|x86.Deploy.0 = Debug|Any CPU
		{853F9E91-6D90-4B20-AC1D-150C968EA490}.Release|Any CPU.ActiveCfg = Release|Any CPU
		{853F9E91-6D90-4B20-AC1D-150C968EA490}.Release|Any CPU.Build.0 = Release|Any CPU
		{853F9E91-6D90-4B20-AC1D-150C968EA490}.Release|Any CPU.Deploy.0 = Release|Any CPU
		{853F9E91-6D90-4B20-AC1D-150C968EA490}.Release|ARM.ActiveCfg = Release|Any CPU
		{853F9E91-6D90-4B20-AC1D-150C968EA490}.Release|ARM.Build.0 = Release|Any CPU
		{853F9E91-6D90-4B20-AC1D-150C968EA490}.Release|ARM.Deploy.0 = Release|Any CPU
		{853F9E91-6D90-4B20-AC1D-150C968EA490}.Release|iPhone.ActiveCfg = Release|Any CPU
		{853F9E91-6D90-4B20-AC1D-150C968EA490}.Release|iPhone.Build.0 = Release|Any CPU
		{853F9E91-6D90-4B20-AC1D-150C968EA490}.Release|iPhone.Deploy.0 = Release|Any CPU
		{853F9E91-6D90-4B20-AC1D-150C968EA490}.Release|iPhoneSimulator.ActiveCfg = Release|Any CPU
		{853F9E91-6D90-4B20-AC1D-150C968EA490}.Release|iPhoneSimulator.Build.0 = Release|Any CPU
		{853F9E91-6D90-4B20-AC1D-150C968EA490}.Release|iPhoneSimulator.Deploy.0 = Release|Any CPU
		{853F9E91-6D90-4B20-AC1D-150C968EA490}.Release|x64.ActiveCfg = Release|Any CPU
		{853F9E91-6D90-4B20-AC1D-150C968EA490}.Release|x64.Build.0 = Release|Any CPU
		{853F9E91-6D90-4B20-AC1D-150C968EA490}.Release|x64.Deploy.0 = Release|Any CPU
		{853F9E91-6D90-4B20-AC1D-150C968EA490}.Release|x86.ActiveCfg = Release|Any CPU
		{853F9E91-6D90-4B20-AC1D-150C968EA490}.Release|x86.Build.0 = Release|Any CPU
		{853F9E91-6D90-4B20-AC1D-150C968EA490}.Release|x86.Deploy.0 = Release|Any CPU
		{59E81ED6-BE98-4EFD-8C40-AE06BDB3E92C}.Debug|Any CPU.ActiveCfg = Debug|iPhone
		{59E81ED6-BE98-4EFD-8C40-AE06BDB3E92C}.Debug|Any CPU.Build.0 = Debug|iPhone
		{59E81ED6-BE98-4EFD-8C40-AE06BDB3E92C}.Debug|Any CPU.Deploy.0 = Debug|iPhone
		{59E81ED6-BE98-4EFD-8C40-AE06BDB3E92C}.Debug|ARM.ActiveCfg = Debug|iPhone
		{59E81ED6-BE98-4EFD-8C40-AE06BDB3E92C}.Debug|ARM.Build.0 = Debug|iPhone
		{59E81ED6-BE98-4EFD-8C40-AE06BDB3E92C}.Debug|ARM.Deploy.0 = Debug|iPhone
		{59E81ED6-BE98-4EFD-8C40-AE06BDB3E92C}.Debug|iPhone.ActiveCfg = Debug|iPhone
		{59E81ED6-BE98-4EFD-8C40-AE06BDB3E92C}.Debug|iPhone.Build.0 = Debug|iPhone
		{59E81ED6-BE98-4EFD-8C40-AE06BDB3E92C}.Debug|iPhone.Deploy.0 = Debug|iPhone
		{59E81ED6-BE98-4EFD-8C40-AE06BDB3E92C}.Debug|iPhoneSimulator.ActiveCfg = Debug|iPhoneSimulator
		{59E81ED6-BE98-4EFD-8C40-AE06BDB3E92C}.Debug|iPhoneSimulator.Build.0 = Debug|iPhoneSimulator
		{59E81ED6-BE98-4EFD-8C40-AE06BDB3E92C}.Debug|iPhoneSimulator.Deploy.0 = Debug|iPhoneSimulator
		{59E81ED6-BE98-4EFD-8C40-AE06BDB3E92C}.Debug|x64.ActiveCfg = Debug|iPhone
		{59E81ED6-BE98-4EFD-8C40-AE06BDB3E92C}.Debug|x64.Build.0 = Debug|iPhone
		{59E81ED6-BE98-4EFD-8C40-AE06BDB3E92C}.Debug|x64.Deploy.0 = Debug|iPhone
		{59E81ED6-BE98-4EFD-8C40-AE06BDB3E92C}.Debug|x86.ActiveCfg = Debug|iPhone
		{59E81ED6-BE98-4EFD-8C40-AE06BDB3E92C}.Debug|x86.Build.0 = Debug|iPhone
		{59E81ED6-BE98-4EFD-8C40-AE06BDB3E92C}.Debug|x86.Deploy.0 = Debug|iPhone
		{59E81ED6-BE98-4EFD-8C40-AE06BDB3E92C}.Release|Any CPU.ActiveCfg = Release|iPhone
		{59E81ED6-BE98-4EFD-8C40-AE06BDB3E92C}.Release|Any CPU.Build.0 = Release|iPhone
		{59E81ED6-BE98-4EFD-8C40-AE06BDB3E92C}.Release|Any CPU.Deploy.0 = Release|iPhone
		{59E81ED6-BE98-4EFD-8C40-AE06BDB3E92C}.Release|ARM.ActiveCfg = Release|iPhone
		{59E81ED6-BE98-4EFD-8C40-AE06BDB3E92C}.Release|ARM.Build.0 = Release|iPhone
		{59E81ED6-BE98-4EFD-8C40-AE06BDB3E92C}.Release|ARM.Deploy.0 = Release|iPhone
		{59E81ED6-BE98-4EFD-8C40-AE06BDB3E92C}.Release|iPhone.ActiveCfg = Release|iPhone
		{59E81ED6-BE98-4EFD-8C40-AE06BDB3E92C}.Release|iPhone.Build.0 = Release|iPhone
		{59E81ED6-BE98-4EFD-8C40-AE06BDB3E92C}.Release|iPhone.Deploy.0 = Release|iPhone
		{59E81ED6-BE98-4EFD-8C40-AE06BDB3E92C}.Release|iPhoneSimulator.ActiveCfg = Release|iPhoneSimulator
		{59E81ED6-BE98-4EFD-8C40-AE06BDB3E92C}.Release|iPhoneSimulator.Build.0 = Release|iPhoneSimulator
		{59E81ED6-BE98-4EFD-8C40-AE06BDB3E92C}.Release|iPhoneSimulator.Deploy.0 = Release|iPhoneSimulator
		{59E81ED6-BE98-4EFD-8C40-AE06BDB3E92C}.Release|x64.ActiveCfg = Release|iPhone
		{59E81ED6-BE98-4EFD-8C40-AE06BDB3E92C}.Release|x64.Build.0 = Release|iPhone
		{59E81ED6-BE98-4EFD-8C40-AE06BDB3E92C}.Release|x64.Deploy.0 = Release|iPhone
		{59E81ED6-BE98-4EFD-8C40-AE06BDB3E92C}.Release|x86.ActiveCfg = Release|iPhone
		{59E81ED6-BE98-4EFD-8C40-AE06BDB3E92C}.Release|x86.Build.0 = Release|iPhone
		{59E81ED6-BE98-4EFD-8C40-AE06BDB3E92C}.Release|x86.Deploy.0 = Release|iPhone
		{E5D6913D-043F-43BF-9AC1-EA5A161A6114}.Debug|Any CPU.ActiveCfg = Debug|Any CPU
		{E5D6913D-043F-43BF-9AC1-EA5A161A6114}.Debug|Any CPU.Build.0 = Debug|Any CPU
		{E5D6913D-043F-43BF-9AC1-EA5A161A6114}.Debug|Any CPU.Deploy.0 = Debug|Any CPU
		{E5D6913D-043F-43BF-9AC1-EA5A161A6114}.Debug|ARM.ActiveCfg = Debug|Any CPU
		{E5D6913D-043F-43BF-9AC1-EA5A161A6114}.Debug|ARM.Build.0 = Debug|Any CPU
		{E5D6913D-043F-43BF-9AC1-EA5A161A6114}.Debug|ARM.Deploy.0 = Debug|Any CPU
		{E5D6913D-043F-43BF-9AC1-EA5A161A6114}.Debug|iPhone.ActiveCfg = Debug|Any CPU
		{E5D6913D-043F-43BF-9AC1-EA5A161A6114}.Debug|iPhone.Build.0 = Debug|Any CPU
		{E5D6913D-043F-43BF-9AC1-EA5A161A6114}.Debug|iPhone.Deploy.0 = Debug|Any CPU
		{E5D6913D-043F-43BF-9AC1-EA5A161A6114}.Debug|iPhoneSimulator.ActiveCfg = Debug|Any CPU
		{E5D6913D-043F-43BF-9AC1-EA5A161A6114}.Debug|iPhoneSimulator.Build.0 = Debug|Any CPU
		{E5D6913D-043F-43BF-9AC1-EA5A161A6114}.Debug|iPhoneSimulator.Deploy.0 = Debug|Any CPU
		{E5D6913D-043F-43BF-9AC1-EA5A161A6114}.Debug|x64.ActiveCfg = Debug|Any CPU
		{E5D6913D-043F-43BF-9AC1-EA5A161A6114}.Debug|x64.Build.0 = Debug|Any CPU
		{E5D6913D-043F-43BF-9AC1-EA5A161A6114}.Debug|x64.Deploy.0 = Debug|Any CPU
		{E5D6913D-043F-43BF-9AC1-EA5A161A6114}.Debug|x86.ActiveCfg = Debug|Any CPU
		{E5D6913D-043F-43BF-9AC1-EA5A161A6114}.Debug|x86.Build.0 = Debug|Any CPU
		{E5D6913D-043F-43BF-9AC1-EA5A161A6114}.Debug|x86.Deploy.0 = Debug|Any CPU
		{E5D6913D-043F-43BF-9AC1-EA5A161A6114}.Release|Any CPU.ActiveCfg = Release|Any CPU
		{E5D6913D-043F-43BF-9AC1-EA5A161A6114}.Release|Any CPU.Build.0 = Release|Any CPU
		{E5D6913D-043F-43BF-9AC1-EA5A161A6114}.Release|Any CPU.Deploy.0 = Release|Any CPU
		{E5D6913D-043F-43BF-9AC1-EA5A161A6114}.Release|ARM.ActiveCfg = Release|Any CPU
		{E5D6913D-043F-43BF-9AC1-EA5A161A6114}.Release|ARM.Build.0 = Release|Any CPU
		{E5D6913D-043F-43BF-9AC1-EA5A161A6114}.Release|ARM.Deploy.0 = Release|Any CPU
		{E5D6913D-043F-43BF-9AC1-EA5A161A6114}.Release|iPhone.ActiveCfg = Release|Any CPU
		{E5D6913D-043F-43BF-9AC1-EA5A161A6114}.Release|iPhone.Build.0 = Release|Any CPU
		{E5D6913D-043F-43BF-9AC1-EA5A161A6114}.Release|iPhone.Deploy.0 = Release|Any CPU
		{E5D6913D-043F-43BF-9AC1-EA5A161A6114}.Release|iPhoneSimulator.ActiveCfg = Release|Any CPU
		{E5D6913D-043F-43BF-9AC1-EA5A161A6114}.Release|iPhoneSimulator.Build.0 = Release|Any CPU
		{E5D6913D-043F-43BF-9AC1-EA5A161A6114}.Release|iPhoneSimulator.Deploy.0 = Release|Any CPU
		{E5D6913D-043F-43BF-9AC1-EA5A161A6114}.Release|x64.ActiveCfg = Release|Any CPU
		{E5D6913D-043F-43BF-9AC1-EA5A161A6114}.Release|x64.Build.0 = Release|Any CPU
		{E5D6913D-043F-43BF-9AC1-EA5A161A6114}.Release|x64.Deploy.0 = Release|Any CPU
		{E5D6913D-043F-43BF-9AC1-EA5A161A6114}.Release|x86.ActiveCfg = Release|Any CPU
		{E5D6913D-043F-43BF-9AC1-EA5A161A6114}.Release|x86.Build.0 = Release|Any CPU
		{E5D6913D-043F-43BF-9AC1-EA5A161A6114}.Release|x86.Deploy.0 = Release|Any CPU
	EndGlobalSection
	GlobalSection(SolutionProperties) = preSolution
		HideSolutionNode = FALSE
	EndGlobalSection
	GlobalSection(ExtensibilityGlobals) = postSolution
		SolutionGuid = {75413E84-044A-4D23-A0EF-290F046037D5}
	EndGlobalSection
EndGlobal
